// !$*UTF8*$!
{
	archiveVersion = 1;
	classes = {
	};
	objectVersion = 46;
	objects = {

/* Begin PBXBuildFile section */
		4E300F7C1AE62B6400FF65B6 /* main.m in Sources */ = {isa = PBXBuildFile; fileRef = 4E300F7B1AE62B6400FF65B6 /* main.m */; };
		4E300F7F1AE62B6400FF65B6 /* AppDelegate.m in Sources */ = {isa = PBXBuildFile; fileRef = 4E300F7E1AE62B6400FF65B6 /* AppDelegate.m */; };
		4E300F821AE62B6400FF65B6 /* ViewController.m in Sources */ = {isa = PBXBuildFile; fileRef = 4E300F811AE62B6400FF65B6 /* ViewController.m */; };
		4E300F851AE62B6400FF65B6 /* Main.storyboard in Resources */ = {isa = PBXBuildFile; fileRef = 4E300F831AE62B6400FF65B6 /* Main.storyboard */; };
		4E300F8A1AE62B6400FF65B6 /* LaunchScreen.xib in Resources */ = {isa = PBXBuildFile; fileRef = 4E300F881AE62B6400FF65B6 /* LaunchScreen.xib */; };
		4E300F961AE62B6400FF65B6 /* UIExampleTests.m in Sources */ = {isa = PBXBuildFile; fileRef = 4E300F951AE62B6400FF65B6 /* UIExampleTests.m */; };
		4E9903991AE66001002439B9 /* DeviceContentViewController.m in Sources */ = {isa = PBXBuildFile; fileRef = 4E9903981AE66001002439B9 /* DeviceContentViewController.m */; };
		4E9903A21AE73271002439B9 /* VOSegment.m in Sources */ = {isa = PBXBuildFile; fileRef = 4E99039B1AE73271002439B9 /* VOSegment.m */; };
		4E9903A31AE73271002439B9 /* VOContentLayer.m in Sources */ = {isa = PBXBuildFile; fileRef = 4E99039D1AE73271002439B9 /* VOContentLayer.m */; };
		4E9903A41AE73271002439B9 /* VOIndicatorAnimation.m in Sources */ = {isa = PBXBuildFile; fileRef = 4E99039F1AE73271002439B9 /* VOIndicatorAnimation.m */; };
		4E9903A51AE73271002439B9 /* VOSegmentedControl.m in Sources */ = {isa = PBXBuildFile; fileRef = 4E9903A11AE73271002439B9 /* VOSegmentedControl.m */; };
		4E9903A81AE73505002439B9 /* Images.xcassets in Resources */ = {isa = PBXBuildFile; fileRef = 4E9903A71AE73505002439B9 /* Images.xcassets */; };
		4E9903AA1AE73659002439B9 /* torah-32.png in Resources */ = {isa = PBXBuildFile; fileRef = 4E9903A91AE73659002439B9 /* torah-32.png */; };
		6A5C3A8B1AE73E0400ACDB16 /* ModeSettingViewController.m in Sources */ = {isa = PBXBuildFile; fileRef = 6A5C3A8A1AE73E0400ACDB16 /* ModeSettingViewController.m */; };
		6A5C3A921AE748FF00ACDB16 /* JT3DScrollView.m in Sources */ = {isa = PBXBuildFile; fileRef = 6A5C3A911AE748FF00ACDB16 /* JT3DScrollView.m */; };
		6A5C3A941AE74F1700ACDB16 /* sport.png in Resources */ = {isa = PBXBuildFile; fileRef = 6A5C3A931AE74F1700ACDB16 /* sport.png */; };
		6AF6C8681AE62F1A00BCACBA /* NDDiscovery.m in Sources */ = {isa = PBXBuildFile; fileRef = 6AF6C8611AE62F1A00BCACBA /* NDDiscovery.m */; };
		6AF6C8691AE62F1A00BCACBA /* NDHeartRateService.m in Sources */ = {isa = PBXBuildFile; fileRef = 6AF6C8631AE62F1A00BCACBA /* NDHeartRateService.m */; };
		6AF6C86A1AE62F1A00BCACBA /* CircleLayout.m in Sources */ = {isa = PBXBuildFile; fileRef = 6AF6C8651AE62F1A00BCACBA /* CircleLayout.m */; };
		6AF6C86B1AE62F1A00BCACBA /* Cell.m in Sources */ = {isa = PBXBuildFile; fileRef = 6AF6C8671AE62F1A00BCACBA /* Cell.m */; };
		6AF6C86E1AE62F3B00BCACBA /* ScanCollectionViewController.m in Sources */ = {isa = PBXBuildFile; fileRef = 6AF6C86D1AE62F3B00BCACBA /* ScanCollectionViewController.m */; };
/* End PBXBuildFile section */

/* Begin PBXContainerItemProxy section */
		4E300F901AE62B6400FF65B6 /* PBXContainerItemProxy */ = {
			isa = PBXContainerItemProxy;
			containerPortal = 4E300F6E1AE62B6400FF65B6 /* Project object */;
			proxyType = 1;
			remoteGlobalIDString = 4E300F751AE62B6400FF65B6;
			remoteInfo = UIExample;
		};
/* End PBXContainerItemProxy section */

/* Begin PBXFileReference section */
		4E300F761AE62B6400FF65B6 /* UIExample.app */ = {isa = PBXFileReference; explicitFileType = wrapper.application; includeInIndex = 0; path = UIExample.app; sourceTree = BUILT_PRODUCTS_DIR; };
		4E300F7A1AE62B6400FF65B6 /* Info.plist */ = {isa = PBXFileReference; lastKnownFileType = text.plist.xml; path = Info.plist; sourceTree = "<group>"; };
		4E300F7B1AE62B6400FF65B6 /* main.m */ = {isa = PBXFileReference; lastKnownFileType = sourcecode.c.objc; path = main.m; sourceTree = "<group>"; };
		4E300F7D1AE62B6400FF65B6 /* AppDelegate.h */ = {isa = PBXFileReference; lastKnownFileType = sourcecode.c.h; path = AppDelegate.h; sourceTree = "<group>"; };
		4E300F7E1AE62B6400FF65B6 /* AppDelegate.m */ = {isa = PBXFileReference; lastKnownFileType = sourcecode.c.objc; path = AppDelegate.m; sourceTree = "<group>"; };
		4E300F801AE62B6400FF65B6 /* ViewController.h */ = {isa = PBXFileReference; lastKnownFileType = sourcecode.c.h; path = ViewController.h; sourceTree = "<group>"; };
		4E300F811AE62B6400FF65B6 /* ViewController.m */ = {isa = PBXFileReference; lastKnownFileType = sourcecode.c.objc; path = ViewController.m; sourceTree = "<group>"; };
		4E300F841AE62B6400FF65B6 /* Base */ = {isa = PBXFileReference; lastKnownFileType = file.storyboard; name = Base; path = Base.lproj/Main.storyboard; sourceTree = "<group>"; };
		4E300F891AE62B6400FF65B6 /* Base */ = {isa = PBXFileReference; lastKnownFileType = file.xib; name = Base; path = Base.lproj/LaunchScreen.xib; sourceTree = "<group>"; };
		4E300F8F1AE62B6400FF65B6 /* UIExampleTests.xctest */ = {isa = PBXFileReference; explicitFileType = wrapper.cfbundle; includeInIndex = 0; path = UIExampleTests.xctest; sourceTree = BUILT_PRODUCTS_DIR; };
		4E300F941AE62B6400FF65B6 /* Info.plist */ = {isa = PBXFileReference; lastKnownFileType = text.plist.xml; path = Info.plist; sourceTree = "<group>"; };
		4E300F951AE62B6400FF65B6 /* UIExampleTests.m */ = {isa = PBXFileReference; lastKnownFileType = sourcecode.c.objc; path = UIExampleTests.m; sourceTree = "<group>"; };
		4E9903971AE66001002439B9 /* DeviceContentViewController.h */ = {isa = PBXFileReference; fileEncoding = 4; lastKnownFileType = sourcecode.c.h; path = DeviceContentViewController.h; sourceTree = "<group>"; };
		4E9903981AE66001002439B9 /* DeviceContentViewController.m */ = {isa = PBXFileReference; fileEncoding = 4; lastKnownFileType = sourcecode.c.objc; path = DeviceContentViewController.m; sourceTree = "<group>"; };
		4E99039A1AE73271002439B9 /* VOSegment.h */ = {isa = PBXFileReference; fileEncoding = 4; lastKnownFileType = sourcecode.c.h; path = VOSegment.h; sourceTree = "<group>"; };
		4E99039B1AE73271002439B9 /* VOSegment.m */ = {isa = PBXFileReference; fileEncoding = 4; lastKnownFileType = sourcecode.c.objc; path = VOSegment.m; sourceTree = "<group>"; };
		4E99039C1AE73271002439B9 /* VOContentLayer.h */ = {isa = PBXFileReference; fileEncoding = 4; lastKnownFileType = sourcecode.c.h; path = VOContentLayer.h; sourceTree = "<group>"; };
		4E99039D1AE73271002439B9 /* VOContentLayer.m */ = {isa = PBXFileReference; fileEncoding = 4; lastKnownFileType = sourcecode.c.objc; path = VOContentLayer.m; sourceTree = "<group>"; };
		4E99039E1AE73271002439B9 /* VOIndicatorAnimation.h */ = {isa = PBXFileReference; fileEncoding = 4; lastKnownFileType = sourcecode.c.h; path = VOIndicatorAnimation.h; sourceTree = "<group>"; };
		4E99039F1AE73271002439B9 /* VOIndicatorAnimation.m */ = {isa = PBXFileReference; fileEncoding = 4; lastKnownFileType = sourcecode.c.objc; path = VOIndicatorAnimation.m; sourceTree = "<group>"; };
		4E9903A01AE73271002439B9 /* VOSegmentedControl.h */ = {isa = PBXFileReference; fileEncoding = 4; lastKnownFileType = sourcecode.c.h; path = VOSegmentedControl.h; sourceTree = "<group>"; };
		4E9903A11AE73271002439B9 /* VOSegmentedControl.m */ = {isa = PBXFileReference; fileEncoding = 4; lastKnownFileType = sourcecode.c.objc; path = VOSegmentedControl.m; sourceTree = "<group>"; };
		4E9903A71AE73505002439B9 /* Images.xcassets */ = {isa = PBXFileReference; lastKnownFileType = folder.assetcatalog; path = Images.xcassets; sourceTree = "<group>"; };
		4E9903A91AE73659002439B9 /* torah-32.png */ = {isa = PBXFileReference; lastKnownFileType = image.png; path = "torah-32.png"; sourceTree = "<group>"; };
		6A5C3A891AE73E0400ACDB16 /* ModeSettingViewController.h */ = {isa = PBXFileReference; fileEncoding = 4; lastKnownFileType = sourcecode.c.h; path = ModeSettingViewController.h; sourceTree = "<group>"; };
		6A5C3A8A1AE73E0400ACDB16 /* ModeSettingViewController.m */ = {isa = PBXFileReference; fileEncoding = 4; lastKnownFileType = sourcecode.c.objc; path = ModeSettingViewController.m; sourceTree = "<group>"; };
		6A5C3A901AE748FF00ACDB16 /* JT3DScrollView.h */ = {isa = PBXFileReference; fileEncoding = 4; lastKnownFileType = sourcecode.c.h; path = JT3DScrollView.h; sourceTree = "<group>"; };
		6A5C3A911AE748FF00ACDB16 /* JT3DScrollView.m */ = {isa = PBXFileReference; fileEncoding = 4; lastKnownFileType = sourcecode.c.objc; path = JT3DScrollView.m; sourceTree = "<group>"; };
		6A5C3A931AE74F1700ACDB16 /* sport.png */ = {isa = PBXFileReference; lastKnownFileType = image.png; path = sport.png; sourceTree = "<group>"; };
		6AF6C8601AE62F1A00BCACBA /* NDDiscovery.h */ = {isa = PBXFileReference; fileEncoding = 4; lastKnownFileType = sourcecode.c.h; path = NDDiscovery.h; sourceTree = "<group>"; };
		6AF6C8611AE62F1A00BCACBA /* NDDiscovery.m */ = {isa = PBXFileReference; fileEncoding = 4; lastKnownFileType = sourcecode.c.objc; path = NDDiscovery.m; sourceTree = "<group>"; };
		6AF6C8621AE62F1A00BCACBA /* NDHeartRateService.h */ = {isa = PBXFileReference; fileEncoding = 4; lastKnownFileType = sourcecode.c.h; path = NDHeartRateService.h; sourceTree = "<group>"; };
		6AF6C8631AE62F1A00BCACBA /* NDHeartRateService.m */ = {isa = PBXFileReference; fileEncoding = 4; lastKnownFileType = sourcecode.c.objc; path = NDHeartRateService.m; sourceTree = "<group>"; };
		6AF6C8641AE62F1A00BCACBA /* CircleLayout.h */ = {isa = PBXFileReference; fileEncoding = 4; lastKnownFileType = sourcecode.c.h; path = CircleLayout.h; sourceTree = "<group>"; };
		6AF6C8651AE62F1A00BCACBA /* CircleLayout.m */ = {isa = PBXFileReference; fileEncoding = 4; lastKnownFileType = sourcecode.c.objc; path = CircleLayout.m; sourceTree = "<group>"; };
		6AF6C8661AE62F1A00BCACBA /* Cell.h */ = {isa = PBXFileReference; fileEncoding = 4; lastKnownFileType = sourcecode.c.h; path = Cell.h; sourceTree = "<group>"; };
		6AF6C8671AE62F1A00BCACBA /* Cell.m */ = {isa = PBXFileReference; fileEncoding = 4; lastKnownFileType = sourcecode.c.objc; path = Cell.m; sourceTree = "<group>"; };
		6AF6C86C1AE62F3B00BCACBA /* ScanCollectionViewController.h */ = {isa = PBXFileReference; fileEncoding = 4; lastKnownFileType = sourcecode.c.h; path = ScanCollectionViewController.h; sourceTree = "<group>"; };
		6AF6C86D1AE62F3B00BCACBA /* ScanCollectionViewController.m */ = {isa = PBXFileReference; fileEncoding = 4; lastKnownFileType = sourcecode.c.objc; path = ScanCollectionViewController.m; sourceTree = "<group>"; };
/* End PBXFileReference section */

/* Begin PBXFrameworksBuildPhase section */
		4E300F731AE62B6400FF65B6 /* Frameworks */ = {
			isa = PBXFrameworksBuildPhase;
			buildActionMask = 2147483647;
			files = (
			);
			runOnlyForDeploymentPostprocessing = 0;
		};
		4E300F8C1AE62B6400FF65B6 /* Frameworks */ = {
			isa = PBXFrameworksBuildPhase;
			buildActionMask = 2147483647;
			files = (
			);
			runOnlyForDeploymentPostprocessing = 0;
		};
/* End PBXFrameworksBuildPhase section */

/* Begin PBXGroup section */
		4E300F6D1AE62B6400FF65B6 = {
			isa = PBXGroup;
			children = (
				4E300F781AE62B6400FF65B6 /* UIExample */,
				4E300F921AE62B6400FF65B6 /* UIExampleTests */,
				4E300F771AE62B6400FF65B6 /* Products */,
			);
			sourceTree = "<group>";
		};
		4E300F771AE62B6400FF65B6 /* Products */ = {
			isa = PBXGroup;
			children = (
				4E300F761AE62B6400FF65B6 /* UIExample.app */,
				4E300F8F1AE62B6400FF65B6 /* UIExampleTests.xctest */,
			);
			name = Products;
			sourceTree = "<group>";
		};
		4E300F781AE62B6400FF65B6 /* UIExample */ = {
			isa = PBXGroup;
			children = (
				4E9903A61AE7327A002439B9 /* VOSegmentedControl */,
				4E300F7D1AE62B6400FF65B6 /* AppDelegate.h */,
				4E300F7E1AE62B6400FF65B6 /* AppDelegate.m */,
				4E300F801AE62B6400FF65B6 /* ViewController.h */,
				4E300F811AE62B6400FF65B6 /* ViewController.m */,
				4E9903971AE66001002439B9 /* DeviceContentViewController.h */,
				4E9903981AE66001002439B9 /* DeviceContentViewController.m */,
				6AF6C86C1AE62F3B00BCACBA /* ScanCollectionViewController.h */,
				6AF6C86D1AE62F3B00BCACBA /* ScanCollectionViewController.m */,
				6A5C3A891AE73E0400ACDB16 /* ModeSettingViewController.h */,
				6A5C3A8A1AE73E0400ACDB16 /* ModeSettingViewController.m */,
				6AF6C8601AE62F1A00BCACBA /* NDDiscovery.h */,
				6AF6C8611AE62F1A00BCACBA /* NDDiscovery.m */,
				6AF6C8621AE62F1A00BCACBA /* NDHeartRateService.h */,
				6AF6C8631AE62F1A00BCACBA /* NDHeartRateService.m */,
				6AF6C8641AE62F1A00BCACBA /* CircleLayout.h */,
				6AF6C8651AE62F1A00BCACBA /* CircleLayout.m */,
				6AF6C8661AE62F1A00BCACBA /* Cell.h */,
				6AF6C8671AE62F1A00BCACBA /* Cell.m */,
				6A5C3A901AE748FF00ACDB16 /* JT3DScrollView.h */,
				6A5C3A911AE748FF00ACDB16 /* JT3DScrollView.m */,
				6A5C3A931AE74F1700ACDB16 /* sport.png */,
				4E9903A71AE73505002439B9 /* Images.xcassets */,
				4E300F831AE62B6400FF65B6 /* Main.storyboard */,
				4E300F881AE62B6400FF65B6 /* LaunchScreen.xib */,
				4E9903A91AE73659002439B9 /* torah-32.png */,
				4E300F791AE62B6400FF65B6 /* Supporting Files */,
			);
			path = UIExample;
			sourceTree = "<group>";
		};
		4E300F791AE62B6400FF65B6 /* Supporting Files */ = {
			isa = PBXGroup;
			children = (
				4E300F7A1AE62B6400FF65B6 /* Info.plist */,
				4E300F7B1AE62B6400FF65B6 /* main.m */,
			);
			name = "Supporting Files";
			sourceTree = "<group>";
		};
		4E300F921AE62B6400FF65B6 /* UIExampleTests */ = {
			isa = PBXGroup;
			children = (
				4E300F951AE62B6400FF65B6 /* UIExampleTests.m */,
				4E300F931AE62B6400FF65B6 /* Supporting Files */,
			);
			path = UIExampleTests;
			sourceTree = "<group>";
		};
		4E300F931AE62B6400FF65B6 /* Supporting Files */ = {
			isa = PBXGroup;
			children = (
				4E300F941AE62B6400FF65B6 /* Info.plist */,
			);
			name = "Supporting Files";
			sourceTree = "<group>";
		};
		4E9903A61AE7327A002439B9 /* VOSegmentedControl */ = {
			isa = PBXGroup;
			children = (
				4E99039A1AE73271002439B9 /* VOSegment.h */,
				4E99039B1AE73271002439B9 /* VOSegment.m */,
				4E99039C1AE73271002439B9 /* VOContentLayer.h */,
				4E99039D1AE73271002439B9 /* VOContentLayer.m */,
				4E99039E1AE73271002439B9 /* VOIndicatorAnimation.h */,
				4E99039F1AE73271002439B9 /* VOIndicatorAnimation.m */,
				4E9903A01AE73271002439B9 /* VOSegmentedControl.h */,
				4E9903A11AE73271002439B9 /* VOSegmentedControl.m */,
			);
			name = VOSegmentedControl;
			sourceTree = "<group>";
		};
/* End PBXGroup section */

/* Begin PBXNativeTarget section */
		4E300F751AE62B6400FF65B6 /* UIExample */ = {
			isa = PBXNativeTarget;
			buildConfigurationList = 4E300F991AE62B6400FF65B6 /* Build configuration list for PBXNativeTarget "UIExample" */;
			buildPhases = (
				4E300F721AE62B6400FF65B6 /* Sources */,
				4E300F731AE62B6400FF65B6 /* Frameworks */,
				4E300F741AE62B6400FF65B6 /* Resources */,
			);
			buildRules = (
			);
			dependencies = (
			);
			name = UIExample;
			productName = UIExample;
			productReference = 4E300F761AE62B6400FF65B6 /* UIExample.app */;
			productType = "com.apple.product-type.application";
		};
		4E300F8E1AE62B6400FF65B6 /* UIExampleTests */ = {
			isa = PBXNativeTarget;
			buildConfigurationList = 4E300F9C1AE62B6400FF65B6 /* Build configuration list for PBXNativeTarget "UIExampleTests" */;
			buildPhases = (
				4E300F8B1AE62B6400FF65B6 /* Sources */,
				4E300F8C1AE62B6400FF65B6 /* Frameworks */,
				4E300F8D1AE62B6400FF65B6 /* Resources */,
			);
			buildRules = (
			);
			dependencies = (
				4E300F911AE62B6400FF65B6 /* PBXTargetDependency */,
			);
			name = UIExampleTests;
			productName = UIExampleTests;
			productReference = 4E300F8F1AE62B6400FF65B6 /* UIExampleTests.xctest */;
			productType = "com.apple.product-type.bundle.unit-test";
		};
/* End PBXNativeTarget section */

/* Begin PBXProject section */
		4E300F6E1AE62B6400FF65B6 /* Project object */ = {
			isa = PBXProject;
			attributes = {
				LastUpgradeCheck = 0630;
				ORGANIZATIONNAME = "Joseph Liao";
				TargetAttributes = {
					4E300F751AE62B6400FF65B6 = {
						CreatedOnToolsVersion = 6.3;
					};
					4E300F8E1AE62B6400FF65B6 = {
						CreatedOnToolsVersion = 6.3;
						TestTargetID = 4E300F751AE62B6400FF65B6;
					};
				};
			};
			buildConfigurationList = 4E300F711AE62B6400FF65B6 /* Build configuration list for PBXProject "UIExample" */;
			compatibilityVersion = "Xcode 3.2";
			developmentRegion = English;
			hasScannedForEncodings = 0;
			knownRegions = (
				en,
				Base,
			);
			mainGroup = 4E300F6D1AE62B6400FF65B6;
			productRefGroup = 4E300F771AE62B6400FF65B6 /* Products */;
			projectDirPath = "";
			projectRoot = "";
			targets = (
				4E300F751AE62B6400FF65B6 /* UIExample */,
				4E300F8E1AE62B6400FF65B6 /* UIExampleTests */,
			);
		};
/* End PBXProject section */

/* Begin PBXResourcesBuildPhase section */
		4E300F741AE62B6400FF65B6 /* Resources */ = {
			isa = PBXResourcesBuildPhase;
			buildActionMask = 2147483647;
			files = (
				4E9903A81AE73505002439B9 /* Images.xcassets in Resources */,
				4E300F851AE62B6400FF65B6 /* Main.storyboard in Resources */,
				6A5C3A941AE74F1700ACDB16 /* sport.png in Resources */,
				4E300F8A1AE62B6400FF65B6 /* LaunchScreen.xib in Resources */,
				4E9903AA1AE73659002439B9 /* torah-32.png in Resources */,
			);
			runOnlyForDeploymentPostprocessing = 0;
		};
		4E300F8D1AE62B6400FF65B6 /* Resources */ = {
			isa = PBXResourcesBuildPhase;
			buildActionMask = 2147483647;
			files = (
			);
			runOnlyForDeploymentPostprocessing = 0;
		};
/* End PBXResourcesBuildPhase section */

/* Begin PBXSourcesBuildPhase section */
		4E300F721AE62B6400FF65B6 /* Sources */ = {
			isa = PBXSourcesBuildPhase;
			buildActionMask = 2147483647;
			files = (
				6A5C3A8B1AE73E0400ACDB16 /* ModeSettingViewController.m in Sources */,
				4E9903A21AE73271002439B9 /* VOSegment.m in Sources */,
				4E300F821AE62B6400FF65B6 /* ViewController.m in Sources */,
				6AF6C86E1AE62F3B00BCACBA /* ScanCollectionViewController.m in Sources */,
				4E9903A51AE73271002439B9 /* VOSegmentedControl.m in Sources */,
				4E300F7F1AE62B6400FF65B6 /* AppDelegate.m in Sources */,
				6AF6C8681AE62F1A00BCACBA /* NDDiscovery.m in Sources */,
				4E9903A31AE73271002439B9 /* VOContentLayer.m in Sources */,
				6AF6C8691AE62F1A00BCACBA /* NDHeartRateService.m in Sources */,
				4E300F7C1AE62B6400FF65B6 /* main.m in Sources */,
				6A5C3A921AE748FF00ACDB16 /* JT3DScrollView.m in Sources */,
				6AF6C86A1AE62F1A00BCACBA /* CircleLayout.m in Sources */,
				6AF6C86B1AE62F1A00BCACBA /* Cell.m in Sources */,
				4E9903991AE66001002439B9 /* DeviceContentViewController.m in Sources */,
				4E9903A41AE73271002439B9 /* VOIndicatorAnimation.m in Sources */,
			);
			runOnlyForDeploymentPostprocessing = 0;
		};
		4E300F8B1AE62B6400FF65B6 /* Sources */ = {
			isa = PBXSourcesBuildPhase;
			buildActionMask = 2147483647;
			files = (
				4E300F961AE62B6400FF65B6 /* UIExampleTests.m in Sources */,
			);
			runOnlyForDeploymentPostprocessing = 0;
		};
/* End PBXSourcesBuildPhase section */

/* Begin PBXTargetDependency section */
		4E300F911AE62B6400FF65B6 /* PBXTargetDependency */ = {
			isa = PBXTargetDependency;
			target = 4E300F751AE62B6400FF65B6 /* UIExample */;
			targetProxy = 4E300F901AE62B6400FF65B6 /* PBXContainerItemProxy */;
		};
/* End PBXTargetDependency section */

/* Begin PBXVariantGroup section */
		4E300F831AE62B6400FF65B6 /* Main.storyboard */ = {
			isa = PBXVariantGroup;
			children = (
				4E300F841AE62B6400FF65B6 /* Base */,
			);
			name = Main.storyboard;
			sourceTree = "<group>";
		};
		4E300F881AE62B6400FF65B6 /* LaunchScreen.xib */ = {
			isa = PBXVariantGroup;
			children = (
				4E300F891AE62B6400FF65B6 /* Base */,
			);
			name = LaunchScreen.xib;
			sourceTree = "<group>";
		};
/* End PBXVariantGroup section */

/* Begin XCBuildConfiguration section */
		4E300F971AE62B6400FF65B6 /* Debug */ = {
			isa = XCBuildConfiguration;
			buildSettings = {
				ALWAYS_SEARCH_USER_PATHS = NO;
				CLANG_CXX_LANGUAGE_STANDARD = "gnu++0x";
				CLANG_CXX_LIBRARY = "libc++";
				CLANG_ENABLE_MODULES = YES;
				CLANG_ENABLE_OBJC_ARC = YES;
				CLANG_WARN_BOOL_CONVERSION = YES;
				CLANG_WARN_CONSTANT_CONVERSION = YES;
				CLANG_WARN_DIRECT_OBJC_ISA_USAGE = YES_ERROR;
				CLANG_WARN_EMPTY_BODY = YES;
				CLANG_WARN_ENUM_CONVERSION = YES;
				CLANG_WARN_INT_CONVERSION = YES;
				CLANG_WARN_OBJC_ROOT_CLASS = YES_ERROR;
				CLANG_WARN_UNREACHABLE_CODE = YES;
				CLANG_WARN__DUPLICATE_METHOD_MATCH = YES;
				"CODE_SIGN_IDENTITY[sdk=iphoneos*]" = "iPhone Developer";
				COPY_PHASE_STRIP = NO;
				DEBUG_INFORMATION_FORMAT = "dwarf-with-dsym";
				ENABLE_STRICT_OBJC_MSGSEND = YES;
				GCC_C_LANGUAGE_STANDARD = gnu99;
				GCC_DYNAMIC_NO_PIC = NO;
				GCC_NO_COMMON_BLOCKS = YES;
				GCC_OPTIMIZATION_LEVEL = 0;
				GCC_PREPROCESSOR_DEFINITIONS = (
					"DEBUG=1",
					"$(inherited)",
				);
				GCC_SYMBOLS_PRIVATE_EXTERN = NO;
				GCC_WARN_64_TO_32_BIT_CONVERSION = YES;
				GCC_WARN_ABOUT_RETURN_TYPE = YES_ERROR;
				GCC_WARN_UNDECLARED_SELECTOR = YES;
				GCC_WARN_UNINITIALIZED_AUTOS = YES_AGGRESSIVE;
				GCC_WARN_UNUSED_FUNCTION = YES;
				GCC_WARN_UNUSED_VARIABLE = YES;
				IPHONEOS_DEPLOYMENT_TARGET = 8.3;
				MTL_ENABLE_DEBUG_INFO = YES;
				ONLY_ACTIVE_ARCH = YES;
				SDKROOT = iphoneos;
				TARGETED_DEVICE_FAMILY = "1,2";
			};
			name = Debug;
		};
		4E300F981AE62B6400FF65B6 /* Release */ = {
			isa = XCBuildConfiguration;
			buildSettings = {
				ALWAYS_SEARCH_USER_PATHS = NO;
				CLANG_CXX_LANGUAGE_STANDARD = "gnu++0x";
				CLANG_CXX_LIBRARY = "libc++";
				CLANG_ENABLE_MODULES = YES;
				CLANG_ENABLE_OBJC_ARC = YES;
				CLANG_WARN_BOOL_CONVERSION = YES;
				CLANG_WARN_CONSTANT_CONVERSION = YES;
				CLANG_WARN_DIRECT_OBJC_ISA_USAGE = YES_ERROR;
				CLANG_WARN_EMPTY_BODY = YES;
				CLANG_WARN_ENUM_CONVERSION = YES;
				CLANG_WARN_INT_CONVERSION = YES;
				CLANG_WARN_OBJC_ROOT_CLASS = YES_ERROR;
				CLANG_WARN_UNREACHABLE_CODE = YES;
				CLANG_WARN__DUPLICATE_METHOD_MATCH = YES;
				"CODE_SIGN_IDENTITY[sdk=iphoneos*]" = "iPhone Developer";
				COPY_PHASE_STRIP = NO;
				DEBUG_INFORMATION_FORMAT = "dwarf-with-dsym";
				ENABLE_NS_ASSERTIONS = NO;
				ENABLE_STRICT_OBJC_MSGSEND = YES;
				GCC_C_LANGUAGE_STANDARD = gnu99;
				GCC_NO_COMMON_BLOCKS = YES;
				GCC_WARN_64_TO_32_BIT_CONVERSION = YES;
				GCC_WARN_ABOUT_RETURN_TYPE = YES_ERROR;
				GCC_WARN_UNDECLARED_SELECTOR = YES;
				GCC_WARN_UNINITIALIZED_AUTOS = YES_AGGRESSIVE;
				GCC_WARN_UNUSED_FUNCTION = YES;
				GCC_WARN_UNUSED_VARIABLE = YES;
				IPHONEOS_DEPLOYMENT_TARGET = 8.3;
				MTL_ENABLE_DEBUG_INFO = NO;
				SDKROOT = iphoneos;
				TARGETED_DEVICE_FAMILY = "1,2";
				VALIDATE_PRODUCT = YES;
			};
			name = Release;
		};
		4E300F9A1AE62B6400FF65B6 /* Debug */ = {
			isa = XCBuildConfiguration;
			buildSettings = {
				ASSETCATALOG_COMPILER_APPICON_NAME = AppIcon;
				INFOPLIST_FILE = UIExample/Info.plist;
				LD_RUNPATH_SEARCH_PATHS = "$(inherited) @executable_path/Frameworks";
				PRODUCT_NAME = "$(TARGET_NAME)";
			};
			name = Debug;
		};
		4E300F9B1AE62B6400FF65B6 /* Release */ = {
			isa = XCBuildConfiguration;
			buildSettings = {
				ASSETCATALOG_COMPILER_APPICON_NAME = AppIcon;
				INFOPLIST_FILE = UIExample/Info.plist;
				LD_RUNPATH_SEARCH_PATHS = "$(inherited) @executable_path/Frameworks";
				PRODUCT_NAME = "$(TARGET_NAME)";
			};
			name = Release;
		};
		4E300F9D1AE62B6400FF65B6 /* Debug */ = {
			isa = XCBuildConfiguration;
			buildSettings = {
				BUNDLE_LOADER = "$(TEST_HOST)";
				FRAMEWORK_SEARCH_PATHS = (
					"$(SDKROOT)/Developer/Library/Frameworks",
					"$(inherited)",
				);
				GCC_PREPROCESSOR_DEFINITIONS = (
					"DEBUG=1",
					"$(inherited)",
				);
				INFOPLIST_FILE = UIExampleTests/Info.plist;
				LD_RUNPATH_SEARCH_PATHS = "$(inherited) @executable_path/Frameworks @loader_path/Frameworks";
				PRODUCT_NAME = "$(TARGET_NAME)";
				TEST_HOST = "$(BUILT_PRODUCTS_DIR)/UIExample.app/UIExample";
			};
			name = Debug;
		};
		4E300F9E1AE62B6400FF65B6 /* Release */ = {
			isa = XCBuildConfiguration;
			buildSettings = {
				BUNDLE_LOADER = "$(TEST_HOST)";
				FRAMEWORK_SEARCH_PATHS = (
					"$(SDKROOT)/Developer/Library/Frameworks",
					"$(inherited)",
				);
				INFOPLIST_FILE = UIExampleTests/Info.plist;
				LD_RUNPATH_SEARCH_PATHS = "$(inherited) @executable_path/Frameworks @loader_path/Frameworks";
				PRODUCT_NAME = "$(TARGET_NAME)";
				TEST_HOST = "$(BUILT_PRODUCTS_DIR)/UIExample.app/UIExample";
			};
			name = Release;
		};
/* End XCBuildConfiguration section */

/* Begin XCConfigurationList section */
		4E300F711AE62B6400FF65B6 /* Build configuration list for PBXProject "UIExample" */ = {
			isa = XCConfigurationList;
			buildConfigurations = (
				4E300F971AE62B6400FF65B6 /* Debug */,
				4E300F981AE62B6400FF65B6 /* Release */,
			);
			defaultConfigurationIsVisible = 0;
			defaultConfigurationName = Release;
		};
		4E300F991AE62B6400FF65B6 /* Build configuration list for PBXNativeTarget "UIExample" */ = {
			isa = XCConfigurationList;
			buildConfigurations = (
				4E300F9A1AE62B6400FF65B6 /* Debug */,
				4E300F9B1AE62B6400FF65B6 /* Release */,
			);
			defaultConfigurationIsVisible = 0;
			defaultConfigurationName = Release;
		};
		4E300F9C1AE62B6400FF65B6 /* Build configuration list for PBXNativeTarget "UIExampleTests" */ = {
			isa = XCConfigurationList;
			buildConfigurations = (
				4E300F9D1AE62B6400FF65B6 /* Debug */,
				4E300F9E1AE62B6400FF65B6 /* Release */,
			);
			defaultConfigurationIsVisible = 0;
			defaultConfigurationName = Release;
		};
/* End XCConfigurationList section */
	};
	rootObject = 4E300F6E1AE62B6400FF65B6 /* Project object */;
}
